
Microsoft Visual Studio Solution File, Format Version 12.00
# Visual Studio Version 16
VisualStudioVersion = 16.0.32929.386
MinimumVisualStudioVersion = 10.0.40219.1
Project("{C9674DCB-5085-4A16-B785-4C70DD1589BD}") = "BikeStores", "BikeStores.dtproj", "{492C83A2-5FF7-433A-880D-A4C894E71F44}"
EndProject
Global
	GlobalSection(SolutionConfigurationPlatforms) = preSolution
		Development|Default = Development|Default
	EndGlobalSection
	GlobalSection(ProjectConfigurationPlatforms) = postSolution
		{492C83A2-5FF7-433A-880D-A4C894E71F44}.Development|Default.ActiveCfg = Development
		{492C83A2-5FF7-433A-880D-A4C894E71F44}.Development|Default.Build.0 = Development
	EndGlobalSection
	GlobalSection(SolutionProperties) = preSolution
		HideSolutionNode = FALSE
	EndGlobalSection
	GlobalSection(ExtensibilityGlobals) = postSolution
		SolutionGuid = {230FDB9A-F1E1-442B-A5D8-3657A35E8122}
	EndGlobalSection
EndGlobal
